
Microsoft Visual Studio Solution File, Format Version 12.00
# Visual Studio Version 17
VisualStudioVersion = 17.3.32901.215
MinimumVisualStudioVersion = 10.0.40219.1
Project("{FAE04EC0-301F-11D3-BF4B-00C04F79EFBC}") = "SistemaLabprotecBackEnd", "SistemaLabprotecBackEnd.csproj", "{59CBB0C5-8BA6-4FCD-ADC3-E18CDEEB7D65}"
EndProject
Global
	GlobalSection(SolutionConfigurationPlatforms) = preSolution
		Debug|Any CPU = Debug|Any CPU
		Release|Any CPU = Release|Any CPU
	EndGlobalSection
	GlobalSection(ProjectConfigurationPlatforms) = postSolution
		{59CBB0C5-8BA6-4FCD-ADC3-E18CDEEB7D65}.Debug|Any CPU.ActiveCfg = Debug|Any CPU
		{59CBB0C5-8BA6-4FCD-ADC3-E18CDEEB7D65}.Debug|Any CPU.Build.0 = Debug|Any CPU
		{59CBB0C5-8BA6-4FCD-ADC3-E18CDEEB7D65}.Release|Any CPU.ActiveCfg = Release|Any CPU
		{59CBB0C5-8BA6-4FCD-ADC3-E18CDEEB7D65}.Release|Any CPU.Build.0 = Release|Any CPU
	EndGlobalSection
	GlobalSection(SolutionProperties) = preSolution
		HideSolutionNode = FALSE
	EndGlobalSection
	GlobalSection(ExtensibilityGlobals) = postSolution
		SolutionGuid = {B1BF8B91-1AF2-4472-AAD9-9A63F3AFD0DA}
	EndGlobalSection
EndGlobal
